// !$*UTF8*$!
{
	archiveVersion = 1;
	classes = {
	};
	objectVersion = 56;
	objects = {

/* Begin PBXBuildFile section */
		7CAC45FC2A7F51130066C688 /* NoticeBoard.xcdatamodeld in Sources */ = {isa = PBXBuildFile; fileRef = 7CAC45FA2A7F51130066C688 /* NoticeBoard.xcdatamodeld */; };
		7CAC46032A7F534F0066C688 /* SearchHistory+CoreDataClass.swift in Sources */ = {isa = PBXBuildFile; fileRef = 7CAC46012A7F534F0066C688 /* SearchHistory+CoreDataClass.swift */; };
		7CAC46042A7F534F0066C688 /* SearchHistory+CoreDataProperties.swift in Sources */ = {isa = PBXBuildFile; fileRef = 7CAC46022A7F534F0066C688 /* SearchHistory+CoreDataProperties.swift */; };
		7CAC46082A7F54140066C688 /* CoreDataRepository.swift in Sources */ = {isa = PBXBuildFile; fileRef = 7CAC46072A7F54140066C688 /* CoreDataRepository.swift */; };
		7CAF6FE52A7BDD3600FA87B2 /* Moya in Frameworks */ = {isa = PBXBuildFile; productRef = 7CAF6FE42A7BDD3600FA87B2 /* Moya */; };
		7CAF6FE72A7BDD3600FA87B2 /* RxMoya in Frameworks */ = {isa = PBXBuildFile; productRef = 7CAF6FE62A7BDD3600FA87B2 /* RxMoya */; };
		7CAF6FEA2A7BE19100FA87B2 /* NoticeBoardAPI.swift in Sources */ = {isa = PBXBuildFile; fileRef = 7CAF6FE92A7BE19100FA87B2 /* NoticeBoardAPI.swift */; };
		7CAF6FEC2A7BEB4200FA87B2 /* PostResponse.swift in Sources */ = {isa = PBXBuildFile; fileRef = 7CAF6FEB2A7BEB4200FA87B2 /* PostResponse.swift */; };
		7CAF6FEF2A7BF34200FA87B2 /* BoardResponse.swift in Sources */ = {isa = PBXBuildFile; fileRef = 7CAF6FEE2A7BF34200FA87B2 /* BoardResponse.swift */; };
		7CAF6FF52A7BFFBC00FA87B2 /* DependencyInjector.swift in Sources */ = {isa = PBXBuildFile; fileRef = 7CAF6FF42A7BFFBC00FA87B2 /* DependencyInjector.swift */; };
		7CAF6FFD2A7C031000FA87B2 /* NoticeBoardViewModel.swift in Sources */ = {isa = PBXBuildFile; fileRef = 7CAF6FFC2A7C031000FA87B2 /* NoticeBoardViewModel.swift */; };
		7CAF70082A7C15D000FA87B2 /* NoticeBoardAPIFetcher.swift in Sources */ = {isa = PBXBuildFile; fileRef = 7CAF70072A7C15D000FA87B2 /* NoticeBoardAPIFetcher.swift */; };
		7CAF700B2A7C1A5000FA87B2 /* RxCocoa in Frameworks */ = {isa = PBXBuildFile; productRef = 7CAF700A2A7C1A5000FA87B2 /* RxCocoa */; };
		7CBB08F32A7C497C00DF0231 /* PostTableViewCell.swift in Sources */ = {isa = PBXBuildFile; fileRef = 7CBB08F22A7C497C00DF0231 /* PostTableViewCell.swift */; };
		7CBB08F62A7C541400DF0231 /* Extenstions.swift in Sources */ = {isa = PBXBuildFile; fileRef = 7CBB08F52A7C541400DF0231 /* Extenstions.swift */; };
		7CBB08FB2A7C570900DF0231 /* MenuSelectViewController.swift in Sources */ = {isa = PBXBuildFile; fileRef = 7CBB08FA2A7C570900DF0231 /* MenuSelectViewController.swift */; };
		7CBB08FD2A7C575200DF0231 /* MenuSelectViewModel.swift in Sources */ = {isa = PBXBuildFile; fileRef = 7CBB08FC2A7C575200DF0231 /* MenuSelectViewModel.swift */; };
		7CBB09002A7C592F00DF0231 /* MenuSelectTableViewCell.swift in Sources */ = {isa = PBXBuildFile; fileRef = 7CBB08FF2A7C592F00DF0231 /* MenuSelectTableViewCell.swift */; };
		7CCFD6522A78FF190075D886 /* AppDelegate.swift in Sources */ = {isa = PBXBuildFile; fileRef = 7CCFD6512A78FF190075D886 /* AppDelegate.swift */; };
		7CCFD6542A78FF190075D886 /* SceneDelegate.swift in Sources */ = {isa = PBXBuildFile; fileRef = 7CCFD6532A78FF190075D886 /* SceneDelegate.swift */; };
		7CCFD6562A78FF190075D886 /* NoticeBoardViewController.swift in Sources */ = {isa = PBXBuildFile; fileRef = 7CCFD6552A78FF190075D886 /* NoticeBoardViewController.swift */; };
		7CCFD6592A78FF190075D886 /* Main.storyboard in Resources */ = {isa = PBXBuildFile; fileRef = 7CCFD6572A78FF190075D886 /* Main.storyboard */; };
		7CCFD65B2A78FF1B0075D886 /* Assets.xcassets in Resources */ = {isa = PBXBuildFile; fileRef = 7CCFD65A2A78FF1B0075D886 /* Assets.xcassets */; };
		7CCFD65E2A78FF1B0075D886 /* LaunchScreen.storyboard in Resources */ = {isa = PBXBuildFile; fileRef = 7CCFD65C2A78FF1B0075D886 /* LaunchScreen.storyboard */; };
		7CE320152A7D2C9A005474D2 /* SearchViewController.swift in Sources */ = {isa = PBXBuildFile; fileRef = 7CE320142A7D2C9A005474D2 /* SearchViewController.swift */; };
		7CE320172A7D2CB9005474D2 /* SearchViewModel.swift in Sources */ = {isa = PBXBuildFile; fileRef = 7CE320162A7D2CB9005474D2 /* SearchViewModel.swift */; };
		7CEEA7342A7E442200CC3080 /* CustomSearchNavigationBar.swift in Sources */ = {isa = PBXBuildFile; fileRef = 7CEEA7332A7E442200CC3080 /* CustomSearchNavigationBar.swift */; };
		7CEEA7382A7E7F3D00CC3080 /* SearchHistoryTableViewCell.swift in Sources */ = {isa = PBXBuildFile; fileRef = 7CEEA7372A7E7F3D00CC3080 /* SearchHistoryTableViewCell.swift */; };
		7CEEA73B2A7E8AAA00CC3080 /* SearchHistoryModel.swift in Sources */ = {isa = PBXBuildFile; fileRef = 7CEEA73A2A7E8AAA00CC3080 /* SearchHistoryModel.swift */; };
		7CEEA73D2A7EA92F00CC3080 /* SearchingTableViewCell.swift in Sources */ = {isa = PBXBuildFile; fileRef = 7CEEA73C2A7EA92F00CC3080 /* SearchingTableViewCell.swift */; };
/* End PBXBuildFile section */

/* Begin PBXFileReference section */
		7CAC45FB2A7F51130066C688 /* NoticeBoard.xcdatamodel */ = {isa = PBXFileReference; lastKnownFileType = wrapper.xcdatamodel; path = NoticeBoard.xcdatamodel; sourceTree = "<group>"; };
		7CAC46012A7F534F0066C688 /* SearchHistory+CoreDataClass.swift */ = {isa = PBXFileReference; lastKnownFileType = sourcecode.swift; path = "SearchHistory+CoreDataClass.swift"; sourceTree = "<group>"; };
		7CAC46022A7F534F0066C688 /* SearchHistory+CoreDataProperties.swift */ = {isa = PBXFileReference; lastKnownFileType = sourcecode.swift; path = "SearchHistory+CoreDataProperties.swift"; sourceTree = "<group>"; };
		7CAC46072A7F54140066C688 /* CoreDataRepository.swift */ = {isa = PBXFileReference; lastKnownFileType = sourcecode.swift; path = CoreDataRepository.swift; sourceTree = "<group>"; };
		7CAF6FE92A7BE19100FA87B2 /* NoticeBoardAPI.swift */ = {isa = PBXFileReference; lastKnownFileType = sourcecode.swift; path = NoticeBoardAPI.swift; sourceTree = "<group>"; };
		7CAF6FEB2A7BEB4200FA87B2 /* PostResponse.swift */ = {isa = PBXFileReference; lastKnownFileType = sourcecode.swift; path = PostResponse.swift; sourceTree = "<group>"; };
		7CAF6FEE2A7BF34200FA87B2 /* BoardResponse.swift */ = {isa = PBXFileReference; lastKnownFileType = sourcecode.swift; path = BoardResponse.swift; sourceTree = "<group>"; };
		7CAF6FF42A7BFFBC00FA87B2 /* DependencyInjector.swift */ = {isa = PBXFileReference; lastKnownFileType = sourcecode.swift; path = DependencyInjector.swift; sourceTree = "<group>"; };
		7CAF6FFC2A7C031000FA87B2 /* NoticeBoardViewModel.swift */ = {isa = PBXFileReference; lastKnownFileType = sourcecode.swift; path = NoticeBoardViewModel.swift; sourceTree = "<group>"; };
		7CAF70072A7C15D000FA87B2 /* NoticeBoardAPIFetcher.swift */ = {isa = PBXFileReference; lastKnownFileType = sourcecode.swift; path = NoticeBoardAPIFetcher.swift; sourceTree = "<group>"; };
		7CBB08F22A7C497C00DF0231 /* PostTableViewCell.swift */ = {isa = PBXFileReference; lastKnownFileType = sourcecode.swift; path = PostTableViewCell.swift; sourceTree = "<group>"; };
		7CBB08F52A7C541400DF0231 /* Extenstions.swift */ = {isa = PBXFileReference; lastKnownFileType = sourcecode.swift; path = Extenstions.swift; sourceTree = "<group>"; };
		7CBB08FA2A7C570900DF0231 /* MenuSelectViewController.swift */ = {isa = PBXFileReference; lastKnownFileType = sourcecode.swift; path = MenuSelectViewController.swift; sourceTree = "<group>"; };
		7CBB08FC2A7C575200DF0231 /* MenuSelectViewModel.swift */ = {isa = PBXFileReference; lastKnownFileType = sourcecode.swift; path = MenuSelectViewModel.swift; sourceTree = "<group>"; };
		7CBB08FF2A7C592F00DF0231 /* MenuSelectTableViewCell.swift */ = {isa = PBXFileReference; lastKnownFileType = sourcecode.swift; path = MenuSelectTableViewCell.swift; sourceTree = "<group>"; };
		7CCFD64E2A78FF190075D886 /* NoticeBoard.app */ = {isa = PBXFileReference; explicitFileType = wrapper.application; includeInIndex = 0; path = NoticeBoard.app; sourceTree = BUILT_PRODUCTS_DIR; };
		7CCFD6512A78FF190075D886 /* AppDelegate.swift */ = {isa = PBXFileReference; lastKnownFileType = sourcecode.swift; path = AppDelegate.swift; sourceTree = "<group>"; };
		7CCFD6532A78FF190075D886 /* SceneDelegate.swift */ = {isa = PBXFileReference; lastKnownFileType = sourcecode.swift; path = SceneDelegate.swift; sourceTree = "<group>"; };
		7CCFD6552A78FF190075D886 /* NoticeBoardViewController.swift */ = {isa = PBXFileReference; lastKnownFileType = sourcecode.swift; path = NoticeBoardViewController.swift; sourceTree = "<group>"; };
		7CCFD6582A78FF190075D886 /* Base */ = {isa = PBXFileReference; lastKnownFileType = file.storyboard; name = Base; path = Base.lproj/Main.storyboard; sourceTree = "<group>"; };
		7CCFD65A2A78FF1B0075D886 /* Assets.xcassets */ = {isa = PBXFileReference; lastKnownFileType = folder.assetcatalog; path = Assets.xcassets; sourceTree = "<group>"; };
		7CCFD65D2A78FF1B0075D886 /* Base */ = {isa = PBXFileReference; lastKnownFileType = file.storyboard; name = Base; path = Base.lproj/LaunchScreen.storyboard; sourceTree = "<group>"; };
		7CCFD65F2A78FF1B0075D886 /* Info.plist */ = {isa = PBXFileReference; lastKnownFileType = text.plist.xml; path = Info.plist; sourceTree = "<group>"; };
		7CE320142A7D2C9A005474D2 /* SearchViewController.swift */ = {isa = PBXFileReference; lastKnownFileType = sourcecode.swift; path = SearchViewController.swift; sourceTree = "<group>"; };
		7CE320162A7D2CB9005474D2 /* SearchViewModel.swift */ = {isa = PBXFileReference; lastKnownFileType = sourcecode.swift; path = SearchViewModel.swift; sourceTree = "<group>"; };
		7CEEA7332A7E442200CC3080 /* CustomSearchNavigationBar.swift */ = {isa = PBXFileReference; lastKnownFileType = sourcecode.swift; path = CustomSearchNavigationBar.swift; sourceTree = "<group>"; };
		7CEEA7372A7E7F3D00CC3080 /* SearchHistoryTableViewCell.swift */ = {isa = PBXFileReference; lastKnownFileType = sourcecode.swift; path = SearchHistoryTableViewCell.swift; sourceTree = "<group>"; };
		7CEEA73A2A7E8AAA00CC3080 /* SearchHistoryModel.swift */ = {isa = PBXFileReference; lastKnownFileType = sourcecode.swift; path = SearchHistoryModel.swift; sourceTree = "<group>"; };
		7CEEA73C2A7EA92F00CC3080 /* SearchingTableViewCell.swift */ = {isa = PBXFileReference; lastKnownFileType = sourcecode.swift; path = SearchingTableViewCell.swift; sourceTree = "<group>"; };
/* End PBXFileReference section */

/* Begin PBXFrameworksBuildPhase section */
		7CCFD64B2A78FF190075D886 /* Frameworks */ = {
			isa = PBXFrameworksBuildPhase;
			buildActionMask = 2147483647;
			files = (
				7CAF700B2A7C1A5000FA87B2 /* RxCocoa in Frameworks */,
				7CAF6FE72A7BDD3600FA87B2 /* RxMoya in Frameworks */,
				7CAF6FE52A7BDD3600FA87B2 /* Moya in Frameworks */,
			);
			runOnlyForDeploymentPostprocessing = 0;
		};
/* End PBXFrameworksBuildPhase section */

/* Begin PBXGroup section */
		7CAC45F62A7F50920066C688 /* CoreDataClasses */ = {
			isa = PBXGroup;
			children = (
				7CAC46012A7F534F0066C688 /* SearchHistory+CoreDataClass.swift */,
				7CAC46022A7F534F0066C688 /* SearchHistory+CoreDataProperties.swift */,
				7CAC45FA2A7F51130066C688 /* NoticeBoard.xcdatamodeld */,
			);
			path = CoreDataClasses;
			sourceTree = "<group>";
		};
		7CAC46052A7F53BA0066C688 /* Repository */ = {
			isa = PBXGroup;
			children = (
				7CAC46062A7F53DF0066C688 /* LocalDB */,
				7CAF6FE82A7BE16400FA87B2 /* Networking */,
			);
			path = Repository;
			sourceTree = "<group>";
		};
		7CAC46062A7F53DF0066C688 /* LocalDB */ = {
			isa = PBXGroup;
			children = (
				7CAC46072A7F54140066C688 /* CoreDataRepository.swift */,
			);
			path = LocalDB;
			sourceTree = "<group>";
		};
		7CAF6FE82A7BE16400FA87B2 /* Networking */ = {
			isa = PBXGroup;
			children = (
				7CAF70072A7C15D000FA87B2 /* NoticeBoardAPIFetcher.swift */,
				7CAF6FE92A7BE19100FA87B2 /* NoticeBoardAPI.swift */,
				7CAF6FED2A7BF31F00FA87B2 /* APIResponse */,
			);
			path = Networking;
			sourceTree = "<group>";
		};
		7CAF6FED2A7BF31F00FA87B2 /* APIResponse */ = {
			isa = PBXGroup;
			children = (
				7CAF6FEE2A7BF34200FA87B2 /* BoardResponse.swift */,
				7CAF6FEB2A7BEB4200FA87B2 /* PostResponse.swift */,
			);
			path = APIResponse;
			sourceTree = "<group>";
		};
		7CAF6FF22A7BFAD500FA87B2 /* Application */ = {
			isa = PBXGroup;
			children = (
				7CAC45F62A7F50920066C688 /* CoreDataClasses */,
				7CCFD6572A78FF190075D886 /* Main.storyboard */,
				7CCFD65A2A78FF1B0075D886 /* Assets.xcassets */,
				7CCFD65C2A78FF1B0075D886 /* LaunchScreen.storyboard */,
				7CCFD65F2A78FF1B0075D886 /* Info.plist */,
				7CCFD6512A78FF190075D886 /* AppDelegate.swift */,
				7CCFD6532A78FF190075D886 /* SceneDelegate.swift */,
				7CAF6FF42A7BFFBC00FA87B2 /* DependencyInjector.swift */,
			);
			path = Application;
			sourceTree = "<group>";
		};
		7CAF6FF32A7BFBBF00FA87B2 /* Presentation */ = {
			isa = PBXGroup;
			children = (
				7CE320102A7D2C72005474D2 /* Search */,
				7CBB08F72A7C56DB00DF0231 /* MenuSelect */,
				7CAF6FF62A7C018000FA87B2 /* NoticeBoard */,
			);
			path = Presentation;
			sourceTree = "<group>";
		};
		7CAF6FF62A7C018000FA87B2 /* NoticeBoard */ = {
			isa = PBXGroup;
			children = (
				7CAF6FFA2A7C01AF00FA87B2 /* View */,
				7CAF6FF82A7C019100FA87B2 /* ViewController */,
				7CAF6FF72A7C018600FA87B2 /* ViewModel */,
			);
			path = NoticeBoard;
			sourceTree = "<group>";
		};
		7CAF6FF72A7C018600FA87B2 /* ViewModel */ = {
			isa = PBXGroup;
			children = (
				7CAF6FFC2A7C031000FA87B2 /* NoticeBoardViewModel.swift */,
			);
			path = ViewModel;
			sourceTree = "<group>";
		};
		7CAF6FF82A7C019100FA87B2 /* ViewController */ = {
			isa = PBXGroup;
			children = (
				7CCFD6552A78FF190075D886 /* NoticeBoardViewController.swift */,
			);
			path = ViewController;
			sourceTree = "<group>";
		};
		7CAF6FFA2A7C01AF00FA87B2 /* View */ = {
			isa = PBXGroup;
			children = (
				7CBB08F22A7C497C00DF0231 /* PostTableViewCell.swift */,
			);
			path = View;
			sourceTree = "<group>";
		};
		7CBB08F42A7C540800DF0231 /* Utility */ = {
			isa = PBXGroup;
			children = (
				7CBB08F52A7C541400DF0231 /* Extenstions.swift */,
			);
			path = Utility;
			sourceTree = "<group>";
		};
		7CBB08F72A7C56DB00DF0231 /* MenuSelect */ = {
			isa = PBXGroup;
			children = (
				7CBB08FE2A7C592400DF0231 /* View */,
				7CBB08F92A7C56F300DF0231 /* ViewController */,
				7CBB08F82A7C56EE00DF0231 /* ViewModel */,
			);
			path = MenuSelect;
			sourceTree = "<group>";
		};
		7CBB08F82A7C56EE00DF0231 /* ViewModel */ = {
			isa = PBXGroup;
			children = (
				7CBB08FC2A7C575200DF0231 /* MenuSelectViewModel.swift */,
			);
			path = ViewModel;
			sourceTree = "<group>";
		};
		7CBB08F92A7C56F300DF0231 /* ViewController */ = {
			isa = PBXGroup;
			children = (
				7CBB08FA2A7C570900DF0231 /* MenuSelectViewController.swift */,
			);
			path = ViewController;
			sourceTree = "<group>";
		};
		7CBB08FE2A7C592400DF0231 /* View */ = {
			isa = PBXGroup;
			children = (
				7CBB08FF2A7C592F00DF0231 /* MenuSelectTableViewCell.swift */,
			);
			path = View;
			sourceTree = "<group>";
		};
		7CCFD6452A78FF190075D886 = {
			isa = PBXGroup;
			children = (
				7CCFD6502A78FF190075D886 /* NoticeBoard */,
				7CCFD64F2A78FF190075D886 /* Products */,
			);
			sourceTree = "<group>";
		};
		7CCFD64F2A78FF190075D886 /* Products */ = {
			isa = PBXGroup;
			children = (
				7CCFD64E2A78FF190075D886 /* NoticeBoard.app */,
			);
			name = Products;
			sourceTree = "<group>";
		};
		7CCFD6502A78FF190075D886 /* NoticeBoard */ = {
			isa = PBXGroup;
			children = (
				7CAF6FF22A7BFAD500FA87B2 /* Application */,
				7CAF6FF32A7BFBBF00FA87B2 /* Presentation */,
				7CEEA7392A7E8A9E00CC3080 /* Model */,
				7CAC46052A7F53BA0066C688 /* Repository */,
				7CBB08F42A7C540800DF0231 /* Utility */,
			);
			path = NoticeBoard;
			sourceTree = "<group>";
		};
		7CE320102A7D2C72005474D2 /* Search */ = {
			isa = PBXGroup;
			children = (
				7CE320132A7D2C88005474D2 /* View */,
				7CE320122A7D2C82005474D2 /* ViewController */,
				7CE320112A7D2C7D005474D2 /* ViewModel */,
			);
			path = Search;
			sourceTree = "<group>";
		};
		7CE320112A7D2C7D005474D2 /* ViewModel */ = {
			isa = PBXGroup;
			children = (
				7CE320162A7D2CB9005474D2 /* SearchViewModel.swift */,
			);
			path = ViewModel;
			sourceTree = "<group>";
		};
		7CE320122A7D2C82005474D2 /* ViewController */ = {
			isa = PBXGroup;
			children = (
				7CE320142A7D2C9A005474D2 /* SearchViewController.swift */,
			);
			path = ViewController;
			sourceTree = "<group>";
		};
		7CE320132A7D2C88005474D2 /* View */ = {
			isa = PBXGroup;
			children = (
				7CEEA7332A7E442200CC3080 /* CustomSearchNavigationBar.swift */,
				7CEEA7372A7E7F3D00CC3080 /* SearchHistoryTableViewCell.swift */,
				7CEEA73C2A7EA92F00CC3080 /* SearchingTableViewCell.swift */,
			);
			path = View;
			sourceTree = "<group>";
		};
		7CEEA7392A7E8A9E00CC3080 /* Model */ = {
			isa = PBXGroup;
			children = (
				7CEEA73A2A7E8AAA00CC3080 /* SearchHistoryModel.swift */,
			);
			path = Model;
			sourceTree = "<group>";
		};
/* End PBXGroup section */

/* Begin PBXNativeTarget section */
		7CCFD64D2A78FF190075D886 /* NoticeBoard */ = {
			isa = PBXNativeTarget;
			buildConfigurationList = 7CCFD6622A78FF1B0075D886 /* Build configuration list for PBXNativeTarget "NoticeBoard" */;
			buildPhases = (
				7CCFD64A2A78FF190075D886 /* Sources */,
				7CCFD64B2A78FF190075D886 /* Frameworks */,
				7CCFD64C2A78FF190075D886 /* Resources */,
			);
			buildRules = (
			);
			dependencies = (
			);
			name = NoticeBoard;
			packageProductDependencies = (
				7CAF6FE42A7BDD3600FA87B2 /* Moya */,
				7CAF6FE62A7BDD3600FA87B2 /* RxMoya */,
				7CAF700A2A7C1A5000FA87B2 /* RxCocoa */,
			);
			productName = NoticeBoard;
			productReference = 7CCFD64E2A78FF190075D886 /* NoticeBoard.app */;
			productType = "com.apple.product-type.application";
		};
/* End PBXNativeTarget section */

/* Begin PBXProject section */
		7CCFD6462A78FF190075D886 /* Project object */ = {
			isa = PBXProject;
			attributes = {
				BuildIndependentTargetsInParallel = 1;
				LastSwiftUpdateCheck = 1430;
				LastUpgradeCheck = 1430;
				TargetAttributes = {
					7CCFD64D2A78FF190075D886 = {
						CreatedOnToolsVersion = 14.3.1;
					};
				};
			};
			buildConfigurationList = 7CCFD6492A78FF190075D886 /* Build configuration list for PBXProject "NoticeBoard" */;
			compatibilityVersion = "Xcode 14.0";
			developmentRegion = en;
			hasScannedForEncodings = 0;
			knownRegions = (
				en,
				Base,
			);
			mainGroup = 7CCFD6452A78FF190075D886;
			packageReferences = (
				7CAF6FE32A7BDD3600FA87B2 /* XCRemoteSwiftPackageReference "Moya" */,
				7CAF70092A7C1A5000FA87B2 /* XCRemoteSwiftPackageReference "RxSwift" */,
			);
			productRefGroup = 7CCFD64F2A78FF190075D886 /* Products */;
			projectDirPath = "";
			projectRoot = "";
			targets = (
				7CCFD64D2A78FF190075D886 /* NoticeBoard */,
			);
		};
/* End PBXProject section */

/* Begin PBXResourcesBuildPhase section */
		7CCFD64C2A78FF190075D886 /* Resources */ = {
			isa = PBXResourcesBuildPhase;
			buildActionMask = 2147483647;
			files = (
				7CCFD65E2A78FF1B0075D886 /* LaunchScreen.storyboard in Resources */,
				7CCFD65B2A78FF1B0075D886 /* Assets.xcassets in Resources */,
				7CCFD6592A78FF190075D886 /* Main.storyboard in Resources */,
			);
			runOnlyForDeploymentPostprocessing = 0;
		};
/* End PBXResourcesBuildPhase section */

/* Begin PBXSourcesBuildPhase section */
		7CCFD64A2A78FF190075D886 /* Sources */ = {
			isa = PBXSourcesBuildPhase;
			buildActionMask = 2147483647;
			files = (
				7CE320152A7D2C9A005474D2 /* SearchViewController.swift in Sources */,
				7CEEA73B2A7E8AAA00CC3080 /* SearchHistoryModel.swift in Sources */,
				7CBB09002A7C592F00DF0231 /* MenuSelectTableViewCell.swift in Sources */,
				7CAC45FC2A7F51130066C688 /* NoticeBoard.xcdatamodeld in Sources */,
				7CE320172A7D2CB9005474D2 /* SearchViewModel.swift in Sources */,
				7CCFD6562A78FF190075D886 /* NoticeBoardViewController.swift in Sources */,
				7CBB08FB2A7C570900DF0231 /* MenuSelectViewController.swift in Sources */,
				7CAF6FF52A7BFFBC00FA87B2 /* DependencyInjector.swift in Sources */,
				7CAC46042A7F534F0066C688 /* SearchHistory+CoreDataProperties.swift in Sources */,
				7CCFD6522A78FF190075D886 /* AppDelegate.swift in Sources */,
				7CAF6FFD2A7C031000FA87B2 /* NoticeBoardViewModel.swift in Sources */,
				7CCFD6542A78FF190075D886 /* SceneDelegate.swift in Sources */,
				7CBB08FD2A7C575200DF0231 /* MenuSelectViewModel.swift in Sources */,
				7CAF6FEC2A7BEB4200FA87B2 /* PostResponse.swift in Sources */,
				7CBB08F62A7C541400DF0231 /* Extenstions.swift in Sources */,
				7CAF6FEA2A7BE19100FA87B2 /* NoticeBoardAPI.swift in Sources */,
				7CEEA73D2A7EA92F00CC3080 /* SearchingTableViewCell.swift in Sources */,
				7CBB08F32A7C497C00DF0231 /* PostTableViewCell.swift in Sources */,
				7CAF70082A7C15D000FA87B2 /* NoticeBoardAPIFetcher.swift in Sources */,
				7CAC46032A7F534F0066C688 /* SearchHistory+CoreDataClass.swift in Sources */,
				7CAF6FEF2A7BF34200FA87B2 /* BoardResponse.swift in Sources */,
				7CEEA7382A7E7F3D00CC3080 /* SearchHistoryTableViewCell.swift in Sources */,
				7CAC46082A7F54140066C688 /* CoreDataRepository.swift in Sources */,
				7CEEA7342A7E442200CC3080 /* CustomSearchNavigationBar.swift in Sources */,
			);
			runOnlyForDeploymentPostprocessing = 0;
		};
/* End PBXSourcesBuildPhase section */

/* Begin PBXVariantGroup section */
		7CCFD6572A78FF190075D886 /* Main.storyboard */ = {
			isa = PBXVariantGroup;
			children = (
				7CCFD6582A78FF190075D886 /* Base */,
			);
			name = Main.storyboard;
			sourceTree = "<group>";
		};
		7CCFD65C2A78FF1B0075D886 /* LaunchScreen.storyboard */ = {
			isa = PBXVariantGroup;
			children = (
				7CCFD65D2A78FF1B0075D886 /* Base */,
			);
			name = LaunchScreen.storyboard;
			sourceTree = "<group>";
		};
/* End PBXVariantGroup section */

/* Begin XCBuildConfiguration section */
		7CCFD6602A78FF1B0075D886 /* Debug */ = {
			isa = XCBuildConfiguration;
			buildSettings = {
				ALWAYS_SEARCH_USER_PATHS = NO;
				CLANG_ANALYZER_NONNULL = YES;
				CLANG_ANALYZER_NUMBER_OBJECT_CONVERSION = YES_AGGRESSIVE;
				CLANG_CXX_LANGUAGE_STANDARD = "gnu++20";
				CLANG_ENABLE_MODULES = YES;
				CLANG_ENABLE_OBJC_ARC = YES;
				CLANG_ENABLE_OBJC_WEAK = YES;
				CLANG_WARN_BLOCK_CAPTURE_AUTORELEASING = YES;
				CLANG_WARN_BOOL_CONVERSION = YES;
				CLANG_WARN_COMMA = YES;
				CLANG_WARN_CONSTANT_CONVERSION = YES;
				CLANG_WARN_DEPRECATED_OBJC_IMPLEMENTATIONS = YES;
				CLANG_WARN_DIRECT_OBJC_ISA_USAGE = YES_ERROR;
				CLANG_WARN_DOCUMENTATION_COMMENTS = YES;
				CLANG_WARN_EMPTY_BODY = YES;
				CLANG_WARN_ENUM_CONVERSION = YES;
				CLANG_WARN_INFINITE_RECURSION = YES;
				CLANG_WARN_INT_CONVERSION = YES;
				CLANG_WARN_NON_LITERAL_NULL_CONVERSION = YES;
				CLANG_WARN_OBJC_IMPLICIT_RETAIN_SELF = YES;
				CLANG_WARN_OBJC_LITERAL_CONVERSION = YES;
				CLANG_WARN_OBJC_ROOT_CLASS = YES_ERROR;
				CLANG_WARN_QUOTED_INCLUDE_IN_FRAMEWORK_HEADER = YES;
				CLANG_WARN_RANGE_LOOP_ANALYSIS = YES;
				CLANG_WARN_STRICT_PROTOTYPES = YES;
				CLANG_WARN_SUSPICIOUS_MOVE = YES;
				CLANG_WARN_UNGUARDED_AVAILABILITY = YES_AGGRESSIVE;
				CLANG_WARN_UNREACHABLE_CODE = YES;
				CLANG_WARN__DUPLICATE_METHOD_MATCH = YES;
				COPY_PHASE_STRIP = NO;
				DEBUG_INFORMATION_FORMAT = dwarf;
				ENABLE_STRICT_OBJC_MSGSEND = YES;
				ENABLE_TESTABILITY = YES;
				GCC_C_LANGUAGE_STANDARD = gnu11;
				GCC_DYNAMIC_NO_PIC = NO;
				GCC_NO_COMMON_BLOCKS = YES;
				GCC_OPTIMIZATION_LEVEL = 0;
				GCC_PREPROCESSOR_DEFINITIONS = (
					"DEBUG=1",
					"$(inherited)",
				);
				GCC_WARN_64_TO_32_BIT_CONVERSION = YES;
				GCC_WARN_ABOUT_RETURN_TYPE = YES_ERROR;
				GCC_WARN_UNDECLARED_SELECTOR = YES;
				GCC_WARN_UNINITIALIZED_AUTOS = YES_AGGRESSIVE;
				GCC_WARN_UNUSED_FUNCTION = YES;
				GCC_WARN_UNUSED_VARIABLE = YES;
				IPHONEOS_DEPLOYMENT_TARGET = 16.4;
				MTL_ENABLE_DEBUG_INFO = INCLUDE_SOURCE;
				MTL_FAST_MATH = YES;
				ONLY_ACTIVE_ARCH = YES;
				SDKROOT = iphoneos;
				SWIFT_ACTIVE_COMPILATION_CONDITIONS = DEBUG;
				SWIFT_OPTIMIZATION_LEVEL = "-Onone";
			};
			name = Debug;
		};
		7CCFD6612A78FF1B0075D886 /* Release */ = {
			isa = XCBuildConfiguration;
			buildSettings = {
				ALWAYS_SEARCH_USER_PATHS = NO;
				CLANG_ANALYZER_NONNULL = YES;
				CLANG_ANALYZER_NUMBER_OBJECT_CONVERSION = YES_AGGRESSIVE;
				CLANG_CXX_LANGUAGE_STANDARD = "gnu++20";
				CLANG_ENABLE_MODULES = YES;
				CLANG_ENABLE_OBJC_ARC = YES;
				CLANG_ENABLE_OBJC_WEAK = YES;
				CLANG_WARN_BLOCK_CAPTURE_AUTORELEASING = YES;
				CLANG_WARN_BOOL_CONVERSION = YES;
				CLANG_WARN_COMMA = YES;
				CLANG_WARN_CONSTANT_CONVERSION = YES;
				CLANG_WARN_DEPRECATED_OBJC_IMPLEMENTATIONS = YES;
				CLANG_WARN_DIRECT_OBJC_ISA_USAGE = YES_ERROR;
				CLANG_WARN_DOCUMENTATION_COMMENTS = YES;
				CLANG_WARN_EMPTY_BODY = YES;
				CLANG_WARN_ENUM_CONVERSION = YES;
				CLANG_WARN_INFINITE_RECURSION = YES;
				CLANG_WARN_INT_CONVERSION = YES;
				CLANG_WARN_NON_LITERAL_NULL_CONVERSION = YES;
				CLANG_WARN_OBJC_IMPLICIT_RETAIN_SELF = YES;
				CLANG_WARN_OBJC_LITERAL_CONVERSION = YES;
				CLANG_WARN_OBJC_ROOT_CLASS = YES_ERROR;
				CLANG_WARN_QUOTED_INCLUDE_IN_FRAMEWORK_HEADER = YES;
				CLANG_WARN_RANGE_LOOP_ANALYSIS = YES;
				CLANG_WARN_STRICT_PROTOTYPES = YES;
				CLANG_WARN_SUSPICIOUS_MOVE = YES;
				CLANG_WARN_UNGUARDED_AVAILABILITY = YES_AGGRESSIVE;
				CLANG_WARN_UNREACHABLE_CODE = YES;
				CLANG_WARN__DUPLICATE_METHOD_MATCH = YES;
				COPY_PHASE_STRIP = NO;
				DEBUG_INFORMATION_FORMAT = "dwarf-with-dsym";
				ENABLE_NS_ASSERTIONS = NO;
				ENABLE_STRICT_OBJC_MSGSEND = YES;
				GCC_C_LANGUAGE_STANDARD = gnu11;
				GCC_NO_COMMON_BLOCKS = YES;
				GCC_WARN_64_TO_32_BIT_CONVERSION = YES;
				GCC_WARN_ABOUT_RETURN_TYPE = YES_ERROR;
				GCC_WARN_UNDECLARED_SELECTOR = YES;
				GCC_WARN_UNINITIALIZED_AUTOS = YES_AGGRESSIVE;
				GCC_WARN_UNUSED_FUNCTION = YES;
				GCC_WARN_UNUSED_VARIABLE = YES;
				IPHONEOS_DEPLOYMENT_TARGET = 16.4;
				MTL_ENABLE_DEBUG_INFO = NO;
				MTL_FAST_MATH = YES;
				SDKROOT = iphoneos;
				SWIFT_COMPILATION_MODE = wholemodule;
				SWIFT_OPTIMIZATION_LEVEL = "-O";
				VALIDATE_PRODUCT = YES;
			};
			name = Release;
		};
		7CCFD6632A78FF1B0075D886 /* Debug */ = {
			isa = XCBuildConfiguration;
			buildSettings = {
				ASSETCATALOG_COMPILER_APPICON_NAME = AppIcon;
				ASSETCATALOG_COMPILER_GLOBAL_ACCENT_COLOR_NAME = AccentColor;
				CODE_SIGN_STYLE = Automatic;
				CURRENT_PROJECT_VERSION = 1;
				DEVELOPMENT_TEAM = BAC795627G;
				GENERATE_INFOPLIST_FILE = YES;
				INFOPLIST_FILE = NoticeBoard/Application/Info.plist;
				INFOPLIST_KEY_UIApplicationSupportsIndirectInputEvents = YES;
				INFOPLIST_KEY_UILaunchStoryboardName = LaunchScreen;
				INFOPLIST_KEY_UIMainStoryboardFile = Main;
				INFOPLIST_KEY_UISupportedInterfaceOrientations_iPad = "UIInterfaceOrientationPortrait UIInterfaceOrientationPortraitUpsideDown UIInterfaceOrientationLandscapeLeft UIInterfaceOrientationLandscapeRight";
				INFOPLIST_KEY_UISupportedInterfaceOrientations_iPhone = "UIInterfaceOrientationPortrait UIInterfaceOrientationLandscapeLeft UIInterfaceOrientationLandscapeRight";
				IPHONEOS_DEPLOYMENT_TARGET = 14.0;
				LD_RUNPATH_SEARCH_PATHS = (
					"$(inherited)",
					"@executable_path/Frameworks",
				);
				MARKETING_VERSION = 1.0;
				PRODUCT_BUNDLE_IDENTIFIER = com.SungWonKim.NoticeBoard;
				PRODUCT_NAME = "$(TARGET_NAME)";
				SWIFT_EMIT_LOC_STRINGS = YES;
				SWIFT_VERSION = 5.0;
				TARGETED_DEVICE_FAMILY = "1,2";
			};
			name = Debug;
		};
		7CCFD6642A78FF1B0075D886 /* Release */ = {
			isa = XCBuildConfiguration;
			buildSettings = {
				ASSETCATALOG_COMPILER_APPICON_NAME = AppIcon;
				ASSETCATALOG_COMPILER_GLOBAL_ACCENT_COLOR_NAME = AccentColor;
				CODE_SIGN_STYLE = Automatic;
				CURRENT_PROJECT_VERSION = 1;
				DEVELOPMENT_TEAM = BAC795627G;
				GENERATE_INFOPLIST_FILE = YES;
				INFOPLIST_FILE = NoticeBoard/Application/Info.plist;
				INFOPLIST_KEY_UIApplicationSupportsIndirectInputEvents = YES;
				INFOPLIST_KEY_UILaunchStoryboardName = LaunchScreen;
				INFOPLIST_KEY_UIMainStoryboardFile = Main;
				INFOPLIST_KEY_UISupportedInterfaceOrientations_iPad = "UIInterfaceOrientationPortrait UIInterfaceOrientationPortraitUpsideDown UIInterfaceOrientationLandscapeLeft UIInterfaceOrientationLandscapeRight";
				INFOPLIST_KEY_UISupportedInterfaceOrientations_iPhone = "UIInterfaceOrientationPortrait UIInterfaceOrientationLandscapeLeft UIInterfaceOrientationLandscapeRight";
				IPHONEOS_DEPLOYMENT_TARGET = 14.0;
				LD_RUNPATH_SEARCH_PATHS = (
					"$(inherited)",
					"@executable_path/Frameworks",
				);
				MARKETING_VERSION = 1.0;
				PRODUCT_BUNDLE_IDENTIFIER = com.SungWonKim.NoticeBoard;
				PRODUCT_NAME = "$(TARGET_NAME)";
				SWIFT_EMIT_LOC_STRINGS = YES;
				SWIFT_VERSION = 5.0;
				TARGETED_DEVICE_FAMILY = "1,2";
			};
			name = Release;
		};
/* End XCBuildConfiguration section */

/* Begin XCConfigurationList section */
		7CCFD6492A78FF190075D886 /* Build configuration list for PBXProject "NoticeBoard" */ = {
			isa = XCConfigurationList;
			buildConfigurations = (
				7CCFD6602A78FF1B0075D886 /* Debug */,
				7CCFD6612A78FF1B0075D886 /* Release */,
			);
			defaultConfigurationIsVisible = 0;
			defaultConfigurationName = Release;
		};
		7CCFD6622A78FF1B0075D886 /* Build configuration list for PBXNativeTarget "NoticeBoard" */ = {
			isa = XCConfigurationList;
			buildConfigurations = (
				7CCFD6632A78FF1B0075D886 /* Debug */,
				7CCFD6642A78FF1B0075D886 /* Release */,
			);
			defaultConfigurationIsVisible = 0;
			defaultConfigurationName = Release;
		};
/* End XCConfigurationList section */

/* Begin XCRemoteSwiftPackageReference section */
		7CAF6FE32A7BDD3600FA87B2 /* XCRemoteSwiftPackageReference "Moya" */ = {
			isa = XCRemoteSwiftPackageReference;
			repositoryURL = "https://github.com/Moya/Moya.git";
			requirement = {
				kind = upToNextMajorVersion;
				minimumVersion = 15.0.0;
			};
		};
		7CAF70092A7C1A5000FA87B2 /* XCRemoteSwiftPackageReference "RxSwift" */ = {
			isa = XCRemoteSwiftPackageReference;
			repositoryURL = "https://github.com/ReactiveX/RxSwift.git";
			requirement = {
				kind = upToNextMajorVersion;
				minimumVersion = 6.6.0;
			};
		};
/* End XCRemoteSwiftPackageReference section */

/* Begin XCSwiftPackageProductDependency section */
		7CAF6FE42A7BDD3600FA87B2 /* Moya */ = {
			isa = XCSwiftPackageProductDependency;
			package = 7CAF6FE32A7BDD3600FA87B2 /* XCRemoteSwiftPackageReference "Moya" */;
			productName = Moya;
		};
		7CAF6FE62A7BDD3600FA87B2 /* RxMoya */ = {
			isa = XCSwiftPackageProductDependency;
			package = 7CAF6FE32A7BDD3600FA87B2 /* XCRemoteSwiftPackageReference "Moya" */;
			productName = RxMoya;
		};
		7CAF700A2A7C1A5000FA87B2 /* RxCocoa */ = {
			isa = XCSwiftPackageProductDependency;
			package = 7CAF70092A7C1A5000FA87B2 /* XCRemoteSwiftPackageReference "RxSwift" */;
			productName = RxCocoa;
		};
/* End XCSwiftPackageProductDependency section */

/* Begin XCVersionGroup section */
		7CAC45FA2A7F51130066C688 /* NoticeBoard.xcdatamodeld */ = {
			isa = XCVersionGroup;
			children = (
				7CAC45FB2A7F51130066C688 /* NoticeBoard.xcdatamodel */,
			);
			currentVersion = 7CAC45FB2A7F51130066C688 /* NoticeBoard.xcdatamodel */;
			path = NoticeBoard.xcdatamodeld;
			sourceTree = "<group>";
			versionGroupType = wrapper.xcdatamodel;
		};
/* End XCVersionGroup section */
	};
	rootObject = 7CCFD6462A78FF190075D886 /* Project object */;
}
